Microsoft Visual Studio Solution File, Format Version 12.00
# Visual Studio Version 17
VisualStudioVersion = 17.5.2.0
MinimumVisualStudioVersion = 10.0.40219.1
Project("{FAE04EC0-301F-11D3-BF4B-00C04F79EFBC}") = "Gardenia MVC", "Gardenia MVC.csproj", "{B2ED0E22-2D91-95D4-16A0-5193F5C37EBE}"
EndProject
Global
	GlobalSection(SolutionConfigurationPlatforms) = preSolution
		Debug|Any CPU = Debug|Any CPU
		Release|Any CPU = Release|Any CPU
	EndGlobalSection
	GlobalSection(ProjectConfigurationPlatforms) = postSolution
		{B2ED0E22-2D91-95D4-16A0-5193F5C37EBE}.Debug|Any CPU.ActiveCfg = Debug|Any CPU
		{B2ED0E22-2D91-95D4-16A0-5193F5C37EBE}.Debug|Any CPU.Build.0 = Debug|Any CPU
		{B2ED0E22-2D91-95D4-16A0-5193F5C37EBE}.Release|Any CPU.ActiveCfg = Release|Any CPU
		{B2ED0E22-2D91-95D4-16A0-5193F5C37EBE}.Release|Any CPU.Build.0 = Release|Any CPU
	EndGlobalSection
	GlobalSection(SolutionProperties) = preSolution
		HideSolutionNode = FALSE
	EndGlobalSection
	GlobalSection(ExtensibilityGlobals) = postSolution
		SolutionGuid = {154E219A-4239-485B-B47E-F011B3F23EE4}
	EndGlobalSection
EndGlobal
